
Microsoft Visual Studio Solution File, Format Version 12.00
# Visual Studio Version 17
VisualStudioVersion = 17.3.32929.385
MinimumVisualStudioVersion = 10.0.40219.1
Project("{9A19103F-16F7-4668-BE54-9A1E7A4F7556}") = "PaymentGateway.API", "src\PaymentGateway.API\PaymentGateway.API.csproj", "{DDC27642-5F28-45E4-AAAC-9A09B7F55D81}"
EndProject
Project("{9A19103F-16F7-4668-BE54-9A1E7A4F7556}") = "PaymentGateway.AcceptanceTests", "tests\PaymentGateway.AcceptanceTests\PaymentGateway.AcceptanceTests.csproj", "{7C3D071E-17A8-4FD8-BACB-43FB6074EF4C}"
EndProject
Project("{2150E333-8FDC-42A3-9474-1A3956D46DE8}") = "Tests", "Tests", "{4C3F6955-82C2-4E0D-9356-DBE3817D9C7A}"
EndProject
Project("{9A19103F-16F7-4668-BE54-9A1E7A4F7556}") = "PaymentGateway.Domain", "src\PaymentGateway.Domain\PaymentGateway.Domain.csproj", "{7159CB20-ADC7-4B8F-9CE7-F1CA7D552A20}"
EndProject
Project("{9A19103F-16F7-4668-BE54-9A1E7A4F7556}") = "PaymentGateway.Infrastructure", "src\PaymentGateway.Infrastructure\PaymentGateway.Infrastructure.csproj", "{3A6DD5CA-4750-4179-893F-FA0E4DA8DD54}"
EndProject
Project("{FAE04EC0-301F-11D3-BF4B-00C04F79EFBC}") = "PaymentGateway.Application", "src\PaymentGateway.Application\PaymentGateway.Application.csproj", "{38CED502-F0D2-43AC-B407-957261876DB7}"
EndProject
Project("{FAE04EC0-301F-11D3-BF4B-00C04F79EFBC}") = "BankSimulator.API", "src\BankSimulator.API\BankSimulator.API.csproj", "{0BD76414-E696-4BD4-88F7-ED810D29BD82}"
EndProject
Global
	GlobalSection(SolutionConfigurationPlatforms) = preSolution
		Debug|Any CPU = Debug|Any CPU
		Release|Any CPU = Release|Any CPU
	EndGlobalSection
	GlobalSection(ProjectConfigurationPlatforms) = postSolution
		{DDC27642-5F28-45E4-AAAC-9A09B7F55D81}.Debug|Any CPU.ActiveCfg = Debug|Any CPU
		{DDC27642-5F28-45E4-AAAC-9A09B7F55D81}.Debug|Any CPU.Build.0 = Debug|Any CPU
		{DDC27642-5F28-45E4-AAAC-9A09B7F55D81}.Release|Any CPU.ActiveCfg = Release|Any CPU
		{DDC27642-5F28-45E4-AAAC-9A09B7F55D81}.Release|Any CPU.Build.0 = Release|Any CPU
		{7C3D071E-17A8-4FD8-BACB-43FB6074EF4C}.Debug|Any CPU.ActiveCfg = Debug|Any CPU
		{7C3D071E-17A8-4FD8-BACB-43FB6074EF4C}.Debug|Any CPU.Build.0 = Debug|Any CPU
		{7C3D071E-17A8-4FD8-BACB-43FB6074EF4C}.Release|Any CPU.ActiveCfg = Release|Any CPU
		{7C3D071E-17A8-4FD8-BACB-43FB6074EF4C}.Release|Any CPU.Build.0 = Release|Any CPU
		{7159CB20-ADC7-4B8F-9CE7-F1CA7D552A20}.Debug|Any CPU.ActiveCfg = Debug|Any CPU
		{7159CB20-ADC7-4B8F-9CE7-F1CA7D552A20}.Debug|Any CPU.Build.0 = Debug|Any CPU
		{7159CB20-ADC7-4B8F-9CE7-F1CA7D552A20}.Release|Any CPU.ActiveCfg = Release|Any CPU
		{7159CB20-ADC7-4B8F-9CE7-F1CA7D552A20}.Release|Any CPU.Build.0 = Release|Any CPU
		{3A6DD5CA-4750-4179-893F-FA0E4DA8DD54}.Debug|Any CPU.ActiveCfg = Debug|Any CPU
		{3A6DD5CA-4750-4179-893F-FA0E4DA8DD54}.Debug|Any CPU.Build.0 = Debug|Any CPU
		{3A6DD5CA-4750-4179-893F-FA0E4DA8DD54}.Release|Any CPU.ActiveCfg = Release|Any CPU
		{3A6DD5CA-4750-4179-893F-FA0E4DA8DD54}.Release|Any CPU.Build.0 = Release|Any CPU
		{38CED502-F0D2-43AC-B407-957261876DB7}.Debug|Any CPU.ActiveCfg = Debug|Any CPU
		{38CED502-F0D2-43AC-B407-957261876DB7}.Debug|Any CPU.Build.0 = Debug|Any CPU
		{38CED502-F0D2-43AC-B407-957261876DB7}.Release|Any CPU.ActiveCfg = Release|Any CPU
		{38CED502-F0D2-43AC-B407-957261876DB7}.Release|Any CPU.Build.0 = Release|Any CPU
		{0BD76414-E696-4BD4-88F7-ED810D29BD82}.Debug|Any CPU.ActiveCfg = Debug|Any CPU
		{0BD76414-E696-4BD4-88F7-ED810D29BD82}.Debug|Any CPU.Build.0 = Debug|Any CPU
		{0BD76414-E696-4BD4-88F7-ED810D29BD82}.Release|Any CPU.ActiveCfg = Release|Any CPU
		{0BD76414-E696-4BD4-88F7-ED810D29BD82}.Release|Any CPU.Build.0 = Release|Any CPU
	EndGlobalSection
	GlobalSection(SolutionProperties) = preSolution
		HideSolutionNode = FALSE
	EndGlobalSection
	GlobalSection(NestedProjects) = preSolution
		{7C3D071E-17A8-4FD8-BACB-43FB6074EF4C} = {4C3F6955-82C2-4E0D-9356-DBE3817D9C7A}
	EndGlobalSection
	GlobalSection(ExtensibilityGlobals) = postSolution
		SolutionGuid = {EF34F12B-8CC6-4EE7-BC61-867D60033852}
	EndGlobalSection
EndGlobal
